// !$*UTF8*$!
{
	archiveVersion = 1;
	classes = {
	};
	objectVersion = 46;
	objects = {

/* Begin PBXBuildFile section */
		BA0E60FE19C52ED2005B1978 /* AppDelegate.swift in Sources */ = {isa = PBXBuildFile; fileRef = BA0E60FD19C52ED2005B1978 /* AppDelegate.swift */; };
		BA0E610019C52ED2005B1978 /* ViewController.swift in Sources */ = {isa = PBXBuildFile; fileRef = BA0E60FF19C52ED2005B1978 /* ViewController.swift */; };
		BA0E610319C52ED2005B1978 /* Main.storyboard in Resources */ = {isa = PBXBuildFile; fileRef = BA0E610119C52ED2005B1978 /* Main.storyboard */; };
		BA0E610519C52ED2005B1978 /* Images.xcassets in Resources */ = {isa = PBXBuildFile; fileRef = BA0E610419C52ED2005B1978 /* Images.xcassets */; };
		BA0E610819C52ED2005B1978 /* LaunchScreen.xib in Resources */ = {isa = PBXBuildFile; fileRef = BA0E610619C52ED2005B1978 /* LaunchScreen.xib */; };
		BA0E611419C52ED2005B1978 /* RottenTomatoesTests.swift in Sources */ = {isa = PBXBuildFile; fileRef = BA0E611319C52ED2005B1978 /* RottenTomatoesTests.swift */; };
/* End PBXBuildFile section */

/* Begin PBXContainerItemProxy section */
		BA0E610E19C52ED2005B1978 /* PBXContainerItemProxy */ = {
			isa = PBXContainerItemProxy;
			containerPortal = BA0E60F019C52ED1005B1978 /* Project object */;
			proxyType = 1;
			remoteGlobalIDString = BA0E60F719C52ED1005B1978;
			remoteInfo = RottenTomatoes;
		};
/* End PBXContainerItemProxy section */

/* Begin PBXFileReference section */
		BA0E60F819C52ED2005B1978 /* RottenTomatoes.app */ = {isa = PBXFileReference; explicitFileType = wrapper.application; includeInIndex = 0; path = RottenTomatoes.app; sourceTree = BUILT_PRODUCTS_DIR; };
		BA0E60FC19C52ED2005B1978 /* Info.plist */ = {isa = PBXFileReference; lastKnownFileType = text.plist.xml; path = Info.plist; sourceTree = "<group>"; };
		BA0E60FD19C52ED2005B1978 /* AppDelegate.swift */ = {isa = PBXFileReference; lastKnownFileType = sourcecode.swift; path = AppDelegate.swift; sourceTree = "<group>"; };
		BA0E60FF19C52ED2005B1978 /* ViewController.swift */ = {isa = PBXFileReference; lastKnownFileType = sourcecode.swift; path = ViewController.swift; sourceTree = "<group>"; };
		BA0E610219C52ED2005B1978 /* Base */ = {isa = PBXFileReference; lastKnownFileType = file.storyboard; name = Base; path = Base.lproj/Main.storyboard; sourceTree = "<group>"; };
		BA0E610419C52ED2005B1978 /* Images.xcassets */ = {isa = PBXFileReference; lastKnownFileType = folder.assetcatalog; path = Images.xcassets; sourceTree = "<group>"; };
		BA0E610719C52ED2005B1978 /* Base */ = {isa = PBXFileReference; lastKnownFileType = file.xib; name = Base; path = Base.lproj/LaunchScreen.xib; sourceTree = "<group>"; };
		BA0E610D19C52ED2005B1978 /* RottenTomatoesTests.xctest */ = {isa = PBXFileReference; explicitFileType = wrapper.cfbundle; includeInIndex = 0; path = RottenTomatoesTests.xctest; sourceTree = BUILT_PRODUCTS_DIR; };
		BA0E611219C52ED2005B1978 /* Info.plist */ = {isa = PBXFileReference; lastKnownFileType = text.plist.xml; path = Info.plist; sourceTree = "<group>"; };
		BA0E611319C52ED2005B1978 /* RottenTomatoesTests.swift */ = {isa = PBXFileReference; lastKnownFileType = sourcecode.swift; path = RottenTomatoesTests.swift; sourceTree = "<group>"; };
/* End PBXFileReference section */

/* Begin PBXFrameworksBuildPhase section */
		BA0E60F519C52ED1005B1978 /* Frameworks */ = {
			isa = PBXFrameworksBuildPhase;
			buildActionMask = 2147483647;
			files = (
			);
			runOnlyForDeploymentPostprocessing = 0;
		};
		BA0E610A19C52ED2005B1978 /* Frameworks */ = {
			isa = PBXFrameworksBuildPhase;
			buildActionMask = 2147483647;
			files = (
			);
			runOnlyForDeploymentPostprocessing = 0;
		};
/* End PBXFrameworksBuildPhase section */

/* Begin PBXGroup section */
		BA0E60EF19C52ED1005B1978 = {
			isa = PBXGroup;
			children = (
				BA0E60FA19C52ED2005B1978 /* RottenTomatoes */,
				BA0E611019C52ED2005B1978 /* RottenTomatoesTests */,
				BA0E60F919C52ED2005B1978 /* Products */,
			);
			sourceTree = "<group>";
		};
		BA0E60F919C52ED2005B1978 /* Products */ = {
			isa = PBXGroup;
			children = (
				BA0E60F819C52ED2005B1978 /* RottenTomatoes.app */,
				BA0E610D19C52ED2005B1978 /* RottenTomatoesTests.xctest */,
			);
			name = Products;
			sourceTree = "<group>";
		};
		BA0E60FA19C52ED2005B1978 /* RottenTomatoes */ = {
			isa = PBXGroup;
			children = (
				BA0E60FD19C52ED2005B1978 /* AppDelegate.swift */,
				BA0E60FF19C52ED2005B1978 /* ViewController.swift */,
				BA0E610119C52ED2005B1978 /* Main.storyboard */,
				BA0E610419C52ED2005B1978 /* Images.xcassets */,
				BA0E610619C52ED2005B1978 /* LaunchScreen.xib */,
				BA0E60FB19C52ED2005B1978 /* Supporting Files */,
			);
			path = RottenTomatoes;
			sourceTree = "<group>";
		};
		BA0E60FB19C52ED2005B1978 /* Supporting Files */ = {
			isa = PBXGroup;
			children = (
				BA0E60FC19C52ED2005B1978 /* Info.plist */,
			);
			name = "Supporting Files";
			sourceTree = "<group>";
		};
		BA0E611019C52ED2005B1978 /* RottenTomatoesTests */ = {
			isa = PBXGroup;
			children = (
				BA0E611319C52ED2005B1978 /* RottenTomatoesTests.swift */,
				BA0E611119C52ED2005B1978 /* Supporting Files */,
			);
			path = RottenTomatoesTests;
			sourceTree = "<group>";
		};
		BA0E611119C52ED2005B1978 /* Supporting Files */ = {
			isa = PBXGroup;
			children = (
				BA0E611219C52ED2005B1978 /* Info.plist */,
			);
			name = "Supporting Files";
			sourceTree = "<group>";
		};
/* End PBXGroup section */

/* Begin PBXNativeTarget section */
		BA0E60F719C52ED1005B1978 /* RottenTomatoes */ = {
			isa = PBXNativeTarget;
			buildConfigurationList = BA0E611719C52ED2005B1978 /* Build configuration list for PBXNativeTarget "RottenTomatoes" */;
			buildPhases = (
				BA0E60F419C52ED1005B1978 /* Sources */,
				BA0E60F519C52ED1005B1978 /* Frameworks */,
				BA0E60F619C52ED1005B1978 /* Resources */,
			);
			buildRules = (
			);
			dependencies = (
			);
			name = RottenTomatoes;
			productName = RottenTomatoes;
			productReference = BA0E60F819C52ED2005B1978 /* RottenTomatoes.app */;
			productType = "com.apple.product-type.application";
		};
		BA0E610C19C52ED2005B1978 /* RottenTomatoesTests */ = {
			isa = PBXNativeTarget;
			buildConfigurationList = BA0E611A19C52ED2005B1978 /* Build configuration list for PBXNativeTarget "RottenTomatoesTests" */;
			buildPhases = (
				BA0E610919C52ED2005B1978 /* Sources */,
				BA0E610A19C52ED2005B1978 /* Frameworks */,
				BA0E610B19C52ED2005B1978 /* Resources */,
			);
			buildRules = (
			);
			dependencies = (
				BA0E610F19C52ED2005B1978 /* PBXTargetDependency */,
			);
			name = RottenTomatoesTests;
			productName = RottenTomatoesTests;
			productReference = BA0E610D19C52ED2005B1978 /* RottenTomatoesTests.xctest */;
			productType = "com.apple.product-type.bundle.unit-test";
		};
/* End PBXNativeTarget section */

/* Begin PBXProject section */
		BA0E60F019C52ED1005B1978 /* Project object */ = {
			isa = PBXProject;
			attributes = {
				LastUpgradeCheck = 0600;
				ORGANIZATIONNAME = isai;
				TargetAttributes = {
					BA0E60F719C52ED1005B1978 = {
						CreatedOnToolsVersion = 6.0;
					};
					BA0E610C19C52ED2005B1978 = {
						CreatedOnToolsVersion = 6.0;
						TestTargetID = BA0E60F719C52ED1005B1978;
					};
				};
			};
			buildConfigurationList = BA0E60F319C52ED1005B1978 /* Build configuration list for PBXProject "RottenTomatoes" */;
			compatibilityVersion = "Xcode 3.2";
			developmentRegion = English;
			hasScannedForEncodings = 0;
			knownRegions = (
				en,
				Base,
			);
			mainGroup = BA0E60EF19C52ED1005B1978;
			productRefGroup = BA0E60F919C52ED2005B1978 /* Products */;
			projectDirPath = "";
			projectRoot = "";
			targets = (
				BA0E60F719C52ED1005B1978 /* RottenTomatoes */,
				BA0E610C19C52ED2005B1978 /* RottenTomatoesTests */,
			);
		};
/* End PBXProject section */

/* Begin PBXResourcesBuildPhase section */
		BA0E60F619C52ED1005B1978 /* Resources */ = {
			isa = PBXResourcesBuildPhase;
			buildActionMask = 2147483647;
			files = (
				BA0E610319C52ED2005B1978 /* Main.storyboard in Resources */,
				BA0E610819C52ED2005B1978 /* LaunchScreen.xib in Resources */,
				BA0E610519C52ED2005B1978 /* Images.xcassets in Resources */,
			);
			runOnlyForDeploymentPostprocessing = 0;
		};
		BA0E610B19C52ED2005B1978 /* Resources */ = {
			isa = PBXResourcesBuildPhase;
			buildActionMask = 2147483647;
			files = (
			);
			runOnlyForDeploymentPostprocessing = 0;
		};
/* End PBXResourcesBuildPhase section */

/* Begin PBXSourcesBuildPhase section */
		BA0E60F419C52ED1005B1978 /* Sources */ = {
			isa = PBXSourcesBuildPhase;
			buildActionMask = 2147483647;
			files = (
				BA0E610019C52ED2005B1978 /* ViewController.swift in Sources */,
				BA0E60FE19C52ED2005B1978 /* AppDelegate.swift in Sources */,
			);
			runOnlyForDeploymentPostprocessing = 0;
		};
		BA0E610919C52ED2005B1978 /* Sources */ = {
			isa = PBXSourcesBuildPhase;
			buildActionMask = 2147483647;
			files = (
				BA0E611419C52ED2005B1978 /* RottenTomatoesTests.swift in Sources */,
			);
			runOnlyForDeploymentPostprocessing = 0;
		};
/* End PBXSourcesBuildPhase section */

/* Begin PBXTargetDependency section */
		BA0E610F19C52ED2005B1978 /* PBXTargetDependency */ = {
			isa = PBXTargetDependency;
			target = BA0E60F719C52ED1005B1978 /* RottenTomatoes */;
			targetProxy = BA0E610E19C52ED2005B1978 /* PBXContainerItemProxy */;
		};
/* End PBXTargetDependency section */

/* Begin PBXVariantGroup section */
		BA0E610119C52ED2005B1978 /* Main.storyboard */ = {
			isa = PBXVariantGroup;
			children = (
				BA0E610219C52ED2005B1978 /* Base */,
			);
			name = Main.storyboard;
			sourceTree = "<group>";
		};
		BA0E610619C52ED2005B1978 /* LaunchScreen.xib */ = {
			isa = PBXVariantGroup;
			children = (
				BA0E610719C52ED2005B1978 /* Base */,
			);
			name = LaunchScreen.xib;
			sourceTree = "<group>";
		};
/* End PBXVariantGroup section */

/* Begin XCBuildConfiguration section */
		BA0E611519C52ED2005B1978 /* Debug */ = {
			isa = XCBuildConfiguration;
			buildSettings = {
				ALWAYS_SEARCH_USER_PATHS = NO;
				CLANG_CXX_LANGUAGE_STANDARD = "gnu++0x";
				CLANG_CXX_LIBRARY = "libc++";
				CLANG_ENABLE_MODULES = YES;
				CLANG_ENABLE_OBJC_ARC = YES;
				CLANG_WARN_BOOL_CONVERSION = YES;
				CLANG_WARN_CONSTANT_CONVERSION = YES;
				CLANG_WARN_DIRECT_OBJC_ISA_USAGE = YES_ERROR;
				CLANG_WARN_EMPTY_BODY = YES;
				CLANG_WARN_ENUM_CONVERSION = YES;
				CLANG_WARN_INT_CONVERSION = YES;
				CLANG_WARN_OBJC_ROOT_CLASS = YES_ERROR;
				CLANG_WARN_UNREACHABLE_CODE = YES;
				CLANG_WARN__DUPLICATE_METHOD_MATCH = YES;
				"CODE_SIGN_IDENTITY[sdk=iphoneos*]" = "iPhone Developer";
				COPY_PHASE_STRIP = NO;
				ENABLE_STRICT_OBJC_MSGSEND = YES;
				GCC_C_LANGUAGE_STANDARD = gnu99;
				GCC_DYNAMIC_NO_PIC = NO;
				GCC_OPTIMIZATION_LEVEL = 0;
				GCC_PREPROCESSOR_DEFINITIONS = (
					"DEBUG=1",
					"$(inherited)",
				);
				GCC_SYMBOLS_PRIVATE_EXTERN = NO;
				GCC_WARN_64_TO_32_BIT_CONVERSION = YES;
				GCC_WARN_ABOUT_RETURN_TYPE = YES_ERROR;
				GCC_WARN_UNDECLARED_SELECTOR = YES;
				GCC_WARN_UNINITIALIZED_AUTOS = YES_AGGRESSIVE;
				GCC_WARN_UNUSED_FUNCTION = YES;
				GCC_WARN_UNUSED_VARIABLE = YES;
				IPHONEOS_DEPLOYMENT_TARGET = 8.0;
				MTL_ENABLE_DEBUG_INFO = YES;
				ONLY_ACTIVE_ARCH = YES;
				SDKROOT = iphoneos;
				SWIFT_OPTIMIZATION_LEVEL = "-Onone";
			};
			name = Debug;
		};
		BA0E611619C52ED2005B1978 /* Release */ = {
			isa = XCBuildConfiguration;
			buildSettings = {
				ALWAYS_SEARCH_USER_PATHS = NO;
				CLANG_CXX_LANGUAGE_STANDARD = "gnu++0x";
				CLANG_CXX_LIBRARY = "libc++";
				CLANG_ENABLE_MODULES = YES;
				CLANG_ENABLE_OBJC_ARC = YES;
				CLANG_WARN_BOOL_CONVERSION = YES;
				CLANG_WARN_CONSTANT_CONVERSION = YES;
				CLANG_WARN_DIRECT_OBJC_ISA_USAGE = YES_ERROR;
				CLANG_WARN_EMPTY_BODY = YES;
				CLANG_WARN_ENUM_CONVERSION = YES;
				CLANG_WARN_INT_CONVERSION = YES;
				CLANG_WARN_OBJC_ROOT_CLASS = YES_ERROR;
				CLANG_WARN_UNREACHABLE_CODE = YES;
				CLANG_WARN__DUPLICATE_METHOD_MATCH = YES;
				"CODE_SIGN_IDENTITY[sdk=iphoneos*]" = "iPhone Developer";
				COPY_PHASE_STRIP = YES;
				ENABLE_NS_ASSERTIONS = NO;
				ENABLE_STRICT_OBJC_MSGSEND = YES;
				GCC_C_LANGUAGE_STANDARD = gnu99;
				GCC_WARN_64_TO_32_BIT_CONVERSION = YES;
				GCC_WARN_ABOUT_RETURN_TYPE = YES_ERROR;
				GCC_WARN_UNDECLARED_SELECTOR = YES;
				GCC_WARN_UNINITIALIZED_AUTOS = YES_AGGRESSIVE;
				GCC_WARN_UNUSED_FUNCTION = YES;
				GCC_WARN_UNUSED_VARIABLE = YES;
				IPHONEOS_DEPLOYMENT_TARGET = 8.0;
				MTL_ENABLE_DEBUG_INFO = NO;
				SDKROOT = iphoneos;
				VALIDATE_PRODUCT = YES;
			};
			name = Release;
		};
		BA0E611819C52ED2005B1978 /* Debug */ = {
			isa = XCBuildConfiguration;
			buildSettings = {
				ASSETCATALOG_COMPILER_APPICON_NAME = AppIcon;
				INFOPLIST_FILE = RottenTomatoes/Info.plist;
				LD_RUNPATH_SEARCH_PATHS = "$(inherited) @executable_path/Frameworks";
				PRODUCT_NAME = "$(TARGET_NAME)";
			};
			name = Debug;
		};
		BA0E611919C52ED2005B1978 /* Release */ = {
			isa = XCBuildConfiguration;
			buildSettings = {
				ASSETCATALOG_COMPILER_APPICON_NAME = AppIcon;
				INFOPLIST_FILE = RottenTomatoes/Info.plist;
				LD_RUNPATH_SEARCH_PATHS = "$(inherited) @executable_path/Frameworks";
				PRODUCT_NAME = "$(TARGET_NAME)";
			};
			name = Release;
		};
		BA0E611B19C52ED2005B1978 /* Debug */ = {
			isa = XCBuildConfiguration;
			buildSettings = {
				BUNDLE_LOADER = "$(TEST_HOST)";
				FRAMEWORK_SEARCH_PATHS = (
					"$(SDKROOT)/Developer/Library/Frameworks",
					"$(inherited)",
				);
				GCC_PREPROCESSOR_DEFINITIONS = (
					"DEBUG=1",
					"$(inherited)",
				);
				INFOPLIST_FILE = RottenTomatoesTests/Info.plist;
				LD_RUNPATH_SEARCH_PATHS = "$(inherited) @executable_path/Frameworks @loader_path/Frameworks";
				PRODUCT_NAME = "$(TARGET_NAME)";
				TEST_HOST = "$(BUILT_PRODUCTS_DIR)/RottenTomatoes.app/RottenTomatoes";
			};
			name = Debug;
		};
		BA0E611C19C52ED2005B1978 /* Release */ = {
			isa = XCBuildConfiguration;
			buildSettings = {
				BUNDLE_LOADER = "$(TEST_HOST)";
				FRAMEWORK_SEARCH_PATHS = (
					"$(SDKROOT)/Developer/Library/Frameworks",
					"$(inherited)",
				);
				INFOPLIST_FILE = RottenTomatoesTests/Info.plist;
				LD_RUNPATH_SEARCH_PATHS = "$(inherited) @executable_path/Frameworks @loader_path/Frameworks";
				PRODUCT_NAME = "$(TARGET_NAME)";
				TEST_HOST = "$(BUILT_PRODUCTS_DIR)/RottenTomatoes.app/RottenTomatoes";
			};
			name = Release;
		};
/* End XCBuildConfiguration section */

/* Begin XCConfigurationList section */
		BA0E60F319C52ED1005B1978 /* Build configuration list for PBXProject "RottenTomatoes" */ = {
			isa = XCConfigurationList;
			buildConfigurations = (
				BA0E611519C52ED2005B1978 /* Debug */,
				BA0E611619C52ED2005B1978 /* Release */,
			);
			defaultConfigurationIsVisible = 0;
			defaultConfigurationName = Release;
		};
		BA0E611719C52ED2005B1978 /* Build configuration list for PBXNativeTarget "RottenTomatoes" */ = {
			isa = XCConfigurationList;
			buildConfigurations = (
				BA0E611819C52ED2005B1978 /* Debug */,
				BA0E611919C52ED2005B1978 /* Release */,
			);
			defaultConfigurationIsVisible = 0;
		};
		BA0E611A19C52ED2005B1978 /* Build configuration list for PBXNativeTarget "RottenTomatoesTests" */ = {
			isa = XCConfigurationList;
			buildConfigurations = (
				BA0E611B19C52ED2005B1978 /* Debug */,
				BA0E611C19C52ED2005B1978 /* Release */,
			);
			defaultConfigurationIsVisible = 0;
		};
/* End XCConfigurationList section */
	};
	rootObject = BA0E60F019C52ED1005B1978 /* Project object */;
}
